
Microsoft Visual Studio Solution File, Format Version 12.00
# Visual Studio Version 16
VisualStudioVersion = 16.0.29424.173
MinimumVisualStudioVersion = 10.0.40219.1
Project("{FAE04EC0-301F-11D3-BF4B-00C04F79EFBC}") = "ElectronReact", "ElectronReact\ElectronReact.csproj", "{834DF7D9-233F-411A-A08C-5CB033528099}"
EndProject
Project("{FAE04EC0-301F-11D3-BF4B-00C04F79EFBC}") = "ElectronAngular", "ElectronAngular\ElectronAngular.csproj", "{D5D8BC18-43DC-4555-BB31-011B08790300}"
EndProject
Project("{FAE04EC0-301F-11D3-BF4B-00C04F79EFBC}") = "ElectronBlazor", "ElectronBlazor\ElectronBlazor.csproj", "{A5F56B30-8EA8-4A3E-9708-72A4AEDCCF8B}"
EndProject
Global
	GlobalSection(SolutionConfigurationPlatforms) = preSolution
		Debug|Any CPU = Debug|Any CPU
		Release|Any CPU = Release|Any CPU
	EndGlobalSection
	GlobalSection(ProjectConfigurationPlatforms) = postSolution
		{834DF7D9-233F-411A-A08C-5CB033528099}.Debug|Any CPU.ActiveCfg = Debug|Any CPU
		{834DF7D9-233F-411A-A08C-5CB033528099}.Debug|Any CPU.Build.0 = Debug|Any CPU
		{834DF7D9-233F-411A-A08C-5CB033528099}.Release|Any CPU.ActiveCfg = Release|Any CPU
		{834DF7D9-233F-411A-A08C-5CB033528099}.Release|Any CPU.Build.0 = Release|Any CPU
		{D5D8BC18-43DC-4555-BB31-011B08790300}.Debug|Any CPU.ActiveCfg = Debug|Any CPU
		{D5D8BC18-43DC-4555-BB31-011B08790300}.Debug|Any CPU.Build.0 = Debug|Any CPU
		{D5D8BC18-43DC-4555-BB31-011B08790300}.Release|Any CPU.ActiveCfg = Release|Any CPU
		{D5D8BC18-43DC-4555-BB31-011B08790300}.Release|Any CPU.Build.0 = Release|Any CPU
		{A5F56B30-8EA8-4A3E-9708-72A4AEDCCF8B}.Debug|Any CPU.ActiveCfg = Debug|Any CPU
		{A5F56B30-8EA8-4A3E-9708-72A4AEDCCF8B}.Debug|Any CPU.Build.0 = Debug|Any CPU
		{A5F56B30-8EA8-4A3E-9708-72A4AEDCCF8B}.Release|Any CPU.ActiveCfg = Release|Any CPU
		{A5F56B30-8EA8-4A3E-9708-72A4AEDCCF8B}.Release|Any CPU.Build.0 = Release|Any CPU
	EndGlobalSection
	GlobalSection(SolutionProperties) = preSolution
		HideSolutionNode = FALSE
	EndGlobalSection
	GlobalSection(ExtensibilityGlobals) = postSolution
		SolutionGuid = {CC6FF930-1968-4D19-8FBC-A0212E54457C}
	EndGlobalSection
EndGlobal
